{
  "lockfileVersion": 1,
  "configVersion": 1,
  "workspaces": {
    "": {
      "name": "honey-encryption-proxy",
      "dependencies": {
        "@noble/post-quantum": "^0.2.0",
        "web-tree-sitter": "0.20.8",
      },
      "devDependencies": {
        "@types/node": "^22.0.0",
        "tree-sitter-wasms": "^0.1.13",
        "typescript": "^5.7.2",
      },
    },
  },
  "packages": {
    "@noble/hashes": ["@noble/hashes@1.6.0", "", {}, "sha512-YUULf0Uk4/mAA89w+k3+yUYh6NrEvxZa5T6SY3wlMvE2chHkxFUUIDI8/XW1QSC357iA5pSnqt7XEhvFOqmDyQ=="],

    "@noble/post-quantum": ["@noble/post-quantum@0.2.1", "", { "dependencies": { "@noble/hashes": "1.6.0" } }, "sha512-ImgfMp9notXSEocz464o1AefYfFWEkkszKMGO+ZiTn73yIBFeNyEHKQUMS+SheJwSNymldSts6YyVcQDjcnVVg=="],

    "@types/node": ["@types/node@22.19.11", "", { "dependencies": { "undici-types": "~6.21.0" } }, "sha512-BH7YwL6rA93ReqeQS1c4bsPpcfOmJasG+Fkr6Y59q83f9M1WcBRHR2vM+P9eOisYRcN3ujQoiZY8uk5W+1WL8w=="],

    "tree-sitter-wasms": ["tree-sitter-wasms@0.1.13", "", { "dependencies": { "tree-sitter-wasms": "^0.1.11" } }, "sha512-wT+cR6DwaIz80/vho3AvSF0N4txuNx/5bcRKoXouOfClpxh/qqrF4URNLQXbbt8MaAxeksZcZd1j8gcGjc+QxQ=="],

    "typescript": ["typescript@5.9.3", "", { "bin": { "tsc": "bin/tsc", "tsserver": "bin/tsserver" } }, "sha512-jl1vZzPDinLr9eUt3J/t7V6FgNEw9QjvBPdysz9KfQDD41fQrC2Y4vKQdiaUpFT4bXlb1RHhLpp8wtm6M5TgSw=="],

    "undici-types": ["undici-types@6.21.0", "", {}, "sha512-iwDZqg0QAGrg9Rav5H4n0M64c3mkR59cJ6wQp+7C4nI0gsmExaedaYLNO44eT4AtBBwjbTiGPMlt2Md0T9H9JQ=="],

    "web-tree-sitter": ["web-tree-sitter@0.20.8", "", {}, "sha512-weOVgZ3aAARgdnb220GqYuh7+rZU0Ka9k9yfKtGAzEYMa6GgiCzW9JjQRJyCJakvibQW+dfjJdihjInKuuCAUQ=="],
  }
}
